%{
  "castore": {:hex, :castore, "0.1.14", "3f6d7c7c1574c402fef29559d3f1a7389ba3524bc6a090a5e9e6abc3af65dcca", [:mix], [], "hexpm", "b34af542eadb727e6c8b37fdf73e18b2e02eb483a4ea0b52fd500bc23f052b7b"},
  "confex": {:hex, :confex, "3.5.0", "163857c73dd8f88a3815663f4bc00bee1b9c65daf40aa6e0d6ef272757fd22c7", [:mix], [], "hexpm", "34a9e31230c7fbb3dbe60db00341d0c84ee44ba3caf84b498f501c0bc8563570"},
  "cowboy": {:hex, :cowboy, "2.9.0", "865dd8b6607e14cf03282e10e934023a1bd8be6f6bacf921a7e2a96d800cd452", [:make, :rebar3], [{:cowlib, "2.11.0", [hex: :cowlib, repo: "hexpm", optional: false]}, {:ranch, "1.8.0", [hex: :ranch, repo: "hexpm", optional: false]}], "hexpm", "2c729f934b4e1aa149aff882f57c6372c15399a20d54f65c8d67bef583021bde"},
  "cowlib": {:hex, :cowlib, "2.11.0", "0b9ff9c346629256c42ebe1eeb769a83c6cb771a6ee5960bd110ab0b9b872063", [:make, :rebar3], [], "hexpm", "2b3e9da0b21c4565751a6d4901c20d1b4cc25cbb7fd50d91d2ab6dd287bc86a9"},
  "elixir_uuid": {:hex, :elixir_uuid, "1.2.1", "dce506597acb7e6b0daeaff52ff6a9043f5919a4c3315abb4143f0b00378c097", [:mix], [], "hexpm", "f7eba2ea6c3555cea09706492716b0d87397b88946e6380898c2889d68585752"},
  "enum_type": {:hex, :enum_type, "1.1.3", "f4fc5e49e77457b48e58d3caa1626646c6485f61f3f682e800e10bc44e944884", [:mix], [], "hexpm", "474e5e5efb90d9853b5bfd60765b9b6085ef672376f691983c4f705e5da9fad7"},
  "ex_machina": {:hex, :ex_machina, "2.7.0", "b792cc3127fd0680fecdb6299235b4727a4944a09ff0fa904cc639272cd92dc7", [:mix], [{:ecto, "~> 2.2 or ~> 3.0", [hex: :ecto, repo: "hexpm", optional: true]}, {:ecto_sql, "~> 3.0", [hex: :ecto_sql, repo: "hexpm", optional: true]}], "hexpm", "419aa7a39bde11894c87a615c4ecaa52d8f107bbdd81d810465186f783245bf8"},
  "fake_server": {:hex, :fake_server, "2.1.0", "aefed08a587e2498fdb39ac9de6f9eabbe7bd83da9801d08d3574d61b7eb03d5", [:mix], [{:cowboy, "~> 2.5", [hex: :cowboy, repo: "hexpm", optional: false]}, {:poison, ">= 1.0.0", [hex: :poison, repo: "hexpm", optional: false]}], "hexpm", "3200d57a523b27d2c8ebfc1a80b76697b3c8a06bf9d678d82114f5f98d350c75"},
  "faker": {:hex, :faker, "0.17.0", "671019d0652f63aefd8723b72167ecdb284baf7d47ad3a82a15e9b8a6df5d1fa", [:mix], [], "hexpm", "a7d4ad84a93fd25c5f5303510753789fc2433ff241bf3b4144d3f6f291658a6a"},
  "mappable": {:hex, :mappable, "0.2.4", "3038564db78bbde442100d9252aac484be746612bc74b333fbeaeffec8087efa", [:mix], [], "hexpm", "188d9291ca5eec10af61420b6738ef69244b7d7ec6dc98f7f4aa7a4e21f1a8b5"},
  "mint": {:hex, :mint, "1.4.0", "cd7d2451b201fc8e4a8fd86257fb3878d9e3752899eb67b0c5b25b180bde1212", [:mix], [{:castore, "~> 0.1.0", [hex: :castore, repo: "hexpm", optional: true]}], "hexpm", "10a99e144b815cbf8522dccbc8199d15802440fc7a64d67b6853adb6fa170217"},
  "ok": {:hex, :ok, "2.3.0", "0a3d513ec9038504dc5359d44e14fc14ef59179e625563a1a144199cdc3a6d30", [:mix], [], "hexpm", "f0347b3f8f115bf347c704184b33cf084f2943771273f2b98a3707a5fa43c4d5"},
  "poison": {:hex, :poison, "5.0.0", "d2b54589ab4157bbb82ec2050757779bfed724463a544b6e20d79855a9e43b24", [:mix], [{:decimal, "~> 2.0", [hex: :decimal, repo: "hexpm", optional: true]}], "hexpm", "11dc6117c501b80c62a7594f941d043982a1bd05a1184280c0d9166eb4d8d3fc"},
  "ranch": {:hex, :ranch, "1.8.0", "8c7a100a139fd57f17327b6413e4167ac559fbc04ca7448e9be9057311597a1d", [:make, :rebar3], [], "hexpm", "49fbcfd3682fab1f5d109351b61257676da1a2fdbe295904176d5e521a2ddfe5"},
  "vex": {:hex, :vex, "0.9.0", "613ea5eb3055662e7178b83e25b2df0975f68c3d8bb67c1645f0573e1a78d606", [:mix], [], "hexpm", "c69fff44d5c8aa3f1faee71bba1dcab05dd36364c5a629df8bb11751240c857f"},
}
